# THIS IS AN AUTOGENERATED FILE. DO NOT EDIT THIS FILE DIRECTLY.
# yarn lockfile v1


"@fortawesome/fontawesome-free@^5.13.0":
  version "5.15.0"
  resolved "https://registry.yarnpkg.com/@fortawesome/fontawesome-free/-/fontawesome-free-5.15.0.tgz#631b04d6301fee06d4bd7a9824fe7157735cbdb6"
  integrity sha512-wXetjQBNMTP59MAYNR1tdahMDOLx3FYj3PKdso7PLFLDpTvmAIqhSSEqnSTmWKahRjD+Sh5I5635+5qaoib5lw==

bootstrap@^4.4.1:
  version "4.5.2"
  resolved "https://registry.yarnpkg.com/bootstrap/-/bootstrap-4.5.2.tgz#a85c4eda59155f0d71186b6e6ad9b875813779ab"
  integrity sha512-vlGn0bcySYl/iV+BGA544JkkZP5LB3jsmkeKLFQakCOwCM3AOk7VkldBz4jrzSe+Z0Ezn99NVXa1o45cQY4R6A==

ekko-lightbox@^5.3.0:
  version "5.3.0"
  resolved "https://registry.yarnpkg.com/ekko-lightbox/-/ekko-lightbox-5.3.0.tgz#fbfcd9df93a8d1cdbf8770adc8c05aaac4d24f56"
  integrity sha512-mbacwySuVD3Ad6F2hTkjSTvJt59bcVv2l/TmBerp4xZnLak8tPtA4AScUn4DL42c1ksTiAO6sGhJZ52P/1Qgew==

highlight.js@^10.2.1:
  version "10.2.1"
  resolved "https://registry.yarnpkg.com/highlight.js/-/highlight.js-10.2.1.tgz#09784fe2e95612abbefd510948945d4fe6fa9668"
  integrity sha512-A+sckVPIb9zQTUydC9lpRX1qRFO/N0OKEh0NwIr65ckvWA/oMY8v9P3+kGRK3w2ULSh9E8v5MszXafodQ6039g==

jquery-ui-dist@^1.12.1:
  version "1.12.1"
  resolved "https://registry.yarnpkg.com/jquery-ui-dist/-/jquery-ui-dist-1.12.1.tgz#5c0815d3cc6f90ff5faaf5b268a6e23b4ca904fa"
  integrity sha1-XAgV08xvkP9fqvWyaKbiO0ypBPo=

jquery.scrollto@^2.1.2:
  version "2.1.2"
  resolved "https://registry.yarnpkg.com/jquery.scrollto/-/jquery.scrollto-2.1.2.tgz#e7580d9c7ac46ef5bb25319483f6f45713fd7c6c"
  integrity sha1-51gNnHrEbvW7JTGUg/b0VxP9fGw=
  dependencies:
    jquery ">=1.8"

jquery@3, jquery@>=1.8:
  version "3.5.1"
  resolved "https://registry.yarnpkg.com/jquery/-/jquery-3.5.1.tgz#d7b4d08e1bfdb86ad2f1a3d039ea17304717abb5"
  integrity sha512-XwIBPqcMn57FxfT+Go5pzySnm4KWkT1Tv7gjrpT1srtf8Weynl6R273VJ5GjkRb51IzMp5nbaPjJXMWeju2MKg==

popper.js@^1.16.0:
  version "1.16.1"
  resolved "https://registry.yarnpkg.com/popper.js/-/popper.js-1.16.1.tgz#2a223cb3dc7b6213d740e40372be40de43e65b1b"
  integrity sha512-Wb4p1J4zyFTbM+u6WuO4XstYx4Ky9Cewe4DWrel7B0w6VVICvPwdOpotjzcf6eD8TsckVnIMNONQyPIUFOUbCQ==
